
Microsoft Visual Studio Solution File, Format Version 12.00
# Visual Studio Version 17
VisualStudioVersion = 17.7.34024.191
MinimumVisualStudioVersion = 10.0.40219.1
Project("{FAE04EC0-301F-11D3-BF4B-00C04F79EFBC}") = "PlataformaEducacional.Api", "PlataformaEducacional.Api\PlataformaEducacional.Api.csproj", "{882D89C7-0539-421C-A12B-A2C917A38A2A}"
EndProject
Global
	GlobalSection(SolutionConfigurationPlatforms) = preSolution
		Debug|Any CPU = Debug|Any CPU
		Release|Any CPU = Release|Any CPU
	EndGlobalSection
	GlobalSection(ProjectConfigurationPlatforms) = postSolution
		{882D89C7-0539-421C-A12B-A2C917A38A2A}.Debug|Any CPU.ActiveCfg = Debug|Any CPU
		{882D89C7-0539-421C-A12B-A2C917A38A2A}.Debug|Any CPU.Build.0 = Debug|Any CPU
		{882D89C7-0539-421C-A12B-A2C917A38A2A}.Release|Any CPU.ActiveCfg = Release|Any CPU
		{882D89C7-0539-421C-A12B-A2C917A38A2A}.Release|Any CPU.Build.0 = Release|Any CPU
	EndGlobalSection
	GlobalSection(SolutionProperties) = preSolution
		HideSolutionNode = FALSE
	EndGlobalSection
	GlobalSection(ExtensibilityGlobals) = postSolution
		SolutionGuid = {2414FC52-7743-448E-8979-C85E0C11E32D}
	EndGlobalSection
EndGlobal
